{
  "object": {
    "pins": [
      {
        "package": "Atlantis",
        "repositoryURL": "https://github.com/ProxymanApp/atlantis",
        "state": {
          "branch": null,
          "revision": "a4a72a06d6a67ba4cf23d12787ea13dca8ecce09",
          "version": null
        }
      }
    ]
  },
  "version": 1
}
